
Microsoft Visual Studio Solution File, Format Version 12.00
# Visual Studio 15
VisualStudioVersion = 15.0.28307.757
MinimumVisualStudioVersion = 10.0.40219.1
Project("{8BC9CEB8-8B4A-11D0-8D11-00A0C91BC942}") = "试题", "试题\试题.vcxproj", "{C0DB13C4-99DE-4DCC-9F00-9F6FD11561B4}"
EndProject
Project("{8BC9CEB8-8B4A-11D0-8D11-00A0C91BC942}") = "排水", "排水\排水.vcxproj", "{413C70E8-2AE5-4ED3-94CC-525269A57C82}"
EndProject
Project("{8BC9CEB8-8B4A-11D0-8D11-00A0C91BC942}") = "发电站", "发电站\发电站.vcxproj", "{0C445443-7B10-4E0A-9E7E-442B670131DA}"
EndProject
Global
	GlobalSection(SolutionConfigurationPlatforms) = preSolution
		Debug|x64 = Debug|x64
		Debug|x86 = Debug|x86
		Release|x64 = Release|x64
		Release|x86 = Release|x86
	EndGlobalSection
	GlobalSection(ProjectConfigurationPlatforms) = postSolution
		{C0DB13C4-99DE-4DCC-9F00-9F6FD11561B4}.Debug|x64.ActiveCfg = Debug|x64
		{C0DB13C4-99DE-4DCC-9F00-9F6FD11561B4}.Debug|x64.Build.0 = Debug|x64
		{C0DB13C4-99DE-4DCC-9F00-9F6FD11561B4}.Debug|x86.ActiveCfg = Debug|Win32
		{C0DB13C4-99DE-4DCC-9F00-9F6FD11561B4}.Debug|x86.Build.0 = Debug|Win32
		{C0DB13C4-99DE-4DCC-9F00-9F6FD11561B4}.Release|x64.ActiveCfg = Release|x64
		{C0DB13C4-99DE-4DCC-9F00-9F6FD11561B4}.Release|x64.Build.0 = Release|x64
		{C0DB13C4-99DE-4DCC-9F00-9F6FD11561B4}.Release|x86.ActiveCfg = Release|Win32
		{C0DB13C4-99DE-4DCC-9F00-9F6FD11561B4}.Release|x86.Build.0 = Release|Win32
		{413C70E8-2AE5-4ED3-94CC-525269A57C82}.Debug|x64.ActiveCfg = Debug|x64
		{413C70E8-2AE5-4ED3-94CC-525269A57C82}.Debug|x64.Build.0 = Debug|x64
		{413C70E8-2AE5-4ED3-94CC-525269A57C82}.Debug|x86.ActiveCfg = Debug|Win32
		{413C70E8-2AE5-4ED3-94CC-525269A57C82}.Debug|x86.Build.0 = Debug|Win32
		{413C70E8-2AE5-4ED3-94CC-525269A57C82}.Release|x64.ActiveCfg = Release|x64
		{413C70E8-2AE5-4ED3-94CC-525269A57C82}.Release|x64.Build.0 = Release|x64
		{413C70E8-2AE5-4ED3-94CC-525269A57C82}.Release|x86.ActiveCfg = Release|Win32
		{413C70E8-2AE5-4ED3-94CC-525269A57C82}.Release|x86.Build.0 = Release|Win32
		{0C445443-7B10-4E0A-9E7E-442B670131DA}.Debug|x64.ActiveCfg = Debug|x64
		{0C445443-7B10-4E0A-9E7E-442B670131DA}.Debug|x64.Build.0 = Debug|x64
		{0C445443-7B10-4E0A-9E7E-442B670131DA}.Debug|x86.ActiveCfg = Debug|Win32
		{0C445443-7B10-4E0A-9E7E-442B670131DA}.Debug|x86.Build.0 = Debug|Win32
		{0C445443-7B10-4E0A-9E7E-442B670131DA}.Release|x64.ActiveCfg = Release|x64
		{0C445443-7B10-4E0A-9E7E-442B670131DA}.Release|x64.Build.0 = Release|x64
		{0C445443-7B10-4E0A-9E7E-442B670131DA}.Release|x86.ActiveCfg = Release|Win32
		{0C445443-7B10-4E0A-9E7E-442B670131DA}.Release|x86.Build.0 = Release|Win32
	EndGlobalSection
	GlobalSection(SolutionProperties) = preSolution
		HideSolutionNode = FALSE
	EndGlobalSection
	GlobalSection(ExtensibilityGlobals) = postSolution
		SolutionGuid = {12A4585A-E34F-4639-BD4A-A66C391E73B1}
	EndGlobalSection
EndGlobal
