
Microsoft Visual Studio Solution File, Format Version 12.00
# Visual Studio 15
VisualStudioVersion = 15.0.28010.2041
MinimumVisualStudioVersion = 10.0.40219.1
Project("{8BC9CEB8-8B4A-11D0-8D11-00A0C91BC942}") = "clock", "clock\clock.vcxproj", "{AAD304A7-6C61-4CE1-B3AB-556966E7504A}"
EndProject
Global
	GlobalSection(SolutionConfigurationPlatforms) = preSolution
		Debug|x64 = Debug|x64
		Debug|x86 = Debug|x86
		Release|x64 = Release|x64
		Release|x86 = Release|x86
	EndGlobalSection
	GlobalSection(ProjectConfigurationPlatforms) = postSolution
		{AAD304A7-6C61-4CE1-B3AB-556966E7504A}.Debug|x64.ActiveCfg = Debug|x64
		{AAD304A7-6C61-4CE1-B3AB-556966E7504A}.Debug|x64.Build.0 = Debug|x64
		{AAD304A7-6C61-4CE1-B3AB-556966E7504A}.Debug|x86.ActiveCfg = Debug|Win32
		{AAD304A7-6C61-4CE1-B3AB-556966E7504A}.Debug|x86.Build.0 = Debug|Win32
		{AAD304A7-6C61-4CE1-B3AB-556966E7504A}.Release|x64.ActiveCfg = Release|x64
		{AAD304A7-6C61-4CE1-B3AB-556966E7504A}.Release|x64.Build.0 = Release|x64
		{AAD304A7-6C61-4CE1-B3AB-556966E7504A}.Release|x86.ActiveCfg = Release|Win32
		{AAD304A7-6C61-4CE1-B3AB-556966E7504A}.Release|x86.Build.0 = Release|Win32
	EndGlobalSection
	GlobalSection(SolutionProperties) = preSolution
		HideSolutionNode = FALSE
	EndGlobalSection
	GlobalSection(ExtensibilityGlobals) = postSolution
		SolutionGuid = {297F222F-D9E8-4494-AE8C-A8B721CC60D0}
	EndGlobalSection
EndGlobal
