
Microsoft Visual Studio Solution File, Format Version 12.00
# Visual Studio 15
VisualStudioVersion = 15.0.28307.136
MinimumVisualStudioVersion = 10.0.40219.1
Project("{8BC9CEB8-8B4A-11D0-8D11-00A0C91BC942}") = "题目2", "题目2\题目2.vcxproj", "{AF65028D-77BB-4880-AA4F-9ECD83E232F0}"
EndProject
Global
	GlobalSection(SolutionConfigurationPlatforms) = preSolution
		Debug|x64 = Debug|x64
		Debug|x86 = Debug|x86
		Release|x64 = Release|x64
		Release|x86 = Release|x86
	EndGlobalSection
	GlobalSection(ProjectConfigurationPlatforms) = postSolution
		{AF65028D-77BB-4880-AA4F-9ECD83E232F0}.Debug|x64.ActiveCfg = Debug|x64
		{AF65028D-77BB-4880-AA4F-9ECD83E232F0}.Debug|x64.Build.0 = Debug|x64
		{AF65028D-77BB-4880-AA4F-9ECD83E232F0}.Debug|x86.ActiveCfg = Debug|Win32
		{AF65028D-77BB-4880-AA4F-9ECD83E232F0}.Debug|x86.Build.0 = Debug|Win32
		{AF65028D-77BB-4880-AA4F-9ECD83E232F0}.Release|x64.ActiveCfg = Release|x64
		{AF65028D-77BB-4880-AA4F-9ECD83E232F0}.Release|x64.Build.0 = Release|x64
		{AF65028D-77BB-4880-AA4F-9ECD83E232F0}.Release|x86.ActiveCfg = Release|Win32
		{AF65028D-77BB-4880-AA4F-9ECD83E232F0}.Release|x86.Build.0 = Release|Win32
	EndGlobalSection
	GlobalSection(SolutionProperties) = preSolution
		HideSolutionNode = FALSE
	EndGlobalSection
	GlobalSection(ExtensibilityGlobals) = postSolution
		SolutionGuid = {D8ED57DB-7964-4EAC-96D8-AF1F43DC889F}
	EndGlobalSection
EndGlobal
