
Microsoft Visual Studio Solution File, Format Version 12.00
# Visual Studio 15
VisualStudioVersion = 15.0.28307.572
MinimumVisualStudioVersion = 10.0.40219.1
Project("{8BC9CEB8-8B4A-11D0-8D11-00A0C91BC942}") = "游戏任务标记", "游戏任务标记\游戏任务标记.vcxproj", "{BC361122-76F4-4863-B19A-F3F6BB870132}"
EndProject
Global
	GlobalSection(SolutionConfigurationPlatforms) = preSolution
		Debug|x64 = Debug|x64
		Debug|x86 = Debug|x86
		Release|x64 = Release|x64
		Release|x86 = Release|x86
	EndGlobalSection
	GlobalSection(ProjectConfigurationPlatforms) = postSolution
		{BC361122-76F4-4863-B19A-F3F6BB870132}.Debug|x64.ActiveCfg = Debug|x64
		{BC361122-76F4-4863-B19A-F3F6BB870132}.Debug|x64.Build.0 = Debug|x64
		{BC361122-76F4-4863-B19A-F3F6BB870132}.Debug|x86.ActiveCfg = Debug|Win32
		{BC361122-76F4-4863-B19A-F3F6BB870132}.Debug|x86.Build.0 = Debug|Win32
		{BC361122-76F4-4863-B19A-F3F6BB870132}.Release|x64.ActiveCfg = Release|x64
		{BC361122-76F4-4863-B19A-F3F6BB870132}.Release|x64.Build.0 = Release|x64
		{BC361122-76F4-4863-B19A-F3F6BB870132}.Release|x86.ActiveCfg = Release|Win32
		{BC361122-76F4-4863-B19A-F3F6BB870132}.Release|x86.Build.0 = Release|Win32
	EndGlobalSection
	GlobalSection(SolutionProperties) = preSolution
		HideSolutionNode = FALSE
	EndGlobalSection
	GlobalSection(ExtensibilityGlobals) = postSolution
		SolutionGuid = {02D5489B-6933-48C0-8514-9142630A5F41}
	EndGlobalSection
EndGlobal
