
Microsoft Visual Studio Solution File, Format Version 12.00
# Visual Studio 15
VisualStudioVersion = 15.0.28010.2041
MinimumVisualStudioVersion = 10.0.40219.1
Project("{888888A0-9F3D-457C-B088-3A5042F75D52}") = "Regression", "Regression\Regression.pyproj", "{8AAD2741-0995-4B2A-AB27-E061C9E9418E}"
EndProject
Global
	GlobalSection(SolutionConfigurationPlatforms) = preSolution
		Debug|Any CPU = Debug|Any CPU
		Release|Any CPU = Release|Any CPU
	EndGlobalSection
	GlobalSection(ProjectConfigurationPlatforms) = postSolution
		{8AAD2741-0995-4B2A-AB27-E061C9E9418E}.Debug|Any CPU.ActiveCfg = Debug|Any CPU
		{8AAD2741-0995-4B2A-AB27-E061C9E9418E}.Release|Any CPU.ActiveCfg = Release|Any CPU
	EndGlobalSection
	GlobalSection(SolutionProperties) = preSolution
		HideSolutionNode = FALSE
	EndGlobalSection
	GlobalSection(ExtensibilityGlobals) = postSolution
		SolutionGuid = {C545D745-1CE2-46A4-8AB6-6A1F06B7DE88}
	EndGlobalSection
EndGlobal
