
Microsoft Visual Studio Solution File, Format Version 12.00
# Visual Studio 15
VisualStudioVersion = 15.0.28010.2041
MinimumVisualStudioVersion = 10.0.40219.1
Project("{888888A0-9F3D-457C-B088-3A5042F75D52}") = "tensorflow", "tensorflow\tensorflow.pyproj", "{22C56D20-E699-4E2B-9277-C553E68B758F}"
EndProject
Global
	GlobalSection(SolutionConfigurationPlatforms) = preSolution
		Debug|Any CPU = Debug|Any CPU
		Release|Any CPU = Release|Any CPU
	EndGlobalSection
	GlobalSection(ProjectConfigurationPlatforms) = postSolution
		{22C56D20-E699-4E2B-9277-C553E68B758F}.Debug|Any CPU.ActiveCfg = Debug|Any CPU
		{22C56D20-E699-4E2B-9277-C553E68B758F}.Release|Any CPU.ActiveCfg = Release|Any CPU
	EndGlobalSection
	GlobalSection(SolutionProperties) = preSolution
		HideSolutionNode = FALSE
	EndGlobalSection
	GlobalSection(ExtensibilityGlobals) = postSolution
		SolutionGuid = {32BD0080-2739-45D5-A8B6-6755EC9F3451}
	EndGlobalSection
EndGlobal
