
Microsoft Visual Studio Solution File, Format Version 12.00
# Visual Studio 15
VisualStudioVersion = 15.0.28307.572
MinimumVisualStudioVersion = 10.0.40219.1
Project("{8BC9CEB8-8B4A-11D0-8D11-00A0C91BC942}") = "计算与存储系统研发工程师笔试题20", "计算与存储系统研发工程师笔试题20\计算与存储系统研发工程师笔试题20.vcxproj", "{F530CBE4-E1DD-479F-90C3-C34234144568}"
EndProject
Global
	GlobalSection(SolutionConfigurationPlatforms) = preSolution
		Debug|x64 = Debug|x64
		Debug|x86 = Debug|x86
		Release|x64 = Release|x64
		Release|x86 = Release|x86
	EndGlobalSection
	GlobalSection(ProjectConfigurationPlatforms) = postSolution
		{F530CBE4-E1DD-479F-90C3-C34234144568}.Debug|x64.ActiveCfg = Debug|x64
		{F530CBE4-E1DD-479F-90C3-C34234144568}.Debug|x64.Build.0 = Debug|x64
		{F530CBE4-E1DD-479F-90C3-C34234144568}.Debug|x86.ActiveCfg = Debug|Win32
		{F530CBE4-E1DD-479F-90C3-C34234144568}.Debug|x86.Build.0 = Debug|Win32
		{F530CBE4-E1DD-479F-90C3-C34234144568}.Release|x64.ActiveCfg = Release|x64
		{F530CBE4-E1DD-479F-90C3-C34234144568}.Release|x64.Build.0 = Release|x64
		{F530CBE4-E1DD-479F-90C3-C34234144568}.Release|x86.ActiveCfg = Release|Win32
		{F530CBE4-E1DD-479F-90C3-C34234144568}.Release|x86.Build.0 = Release|Win32
	EndGlobalSection
	GlobalSection(SolutionProperties) = preSolution
		HideSolutionNode = FALSE
	EndGlobalSection
	GlobalSection(ExtensibilityGlobals) = postSolution
		SolutionGuid = {D8413EBE-10C6-4FCE-83DF-1C9C9384AF39}
	EndGlobalSection
EndGlobal
