
Microsoft Visual Studio Solution File, Format Version 12.00
# Visual Studio 15
VisualStudioVersion = 15.0.28307.572
MinimumVisualStudioVersion = 10.0.40219.1
Project("{8BC9CEB8-8B4A-11D0-8D11-00A0C91BC942}") = "single-number", "single-number\single-number.vcxproj", "{3C167C40-1158-4F95-97A0-60331F5F84AF}"
EndProject
Global
	GlobalSection(SolutionConfigurationPlatforms) = preSolution
		Debug|x64 = Debug|x64
		Debug|x86 = Debug|x86
		Release|x64 = Release|x64
		Release|x86 = Release|x86
	EndGlobalSection
	GlobalSection(ProjectConfigurationPlatforms) = postSolution
		{3C167C40-1158-4F95-97A0-60331F5F84AF}.Debug|x64.ActiveCfg = Debug|x64
		{3C167C40-1158-4F95-97A0-60331F5F84AF}.Debug|x64.Build.0 = Debug|x64
		{3C167C40-1158-4F95-97A0-60331F5F84AF}.Debug|x86.ActiveCfg = Debug|Win32
		{3C167C40-1158-4F95-97A0-60331F5F84AF}.Debug|x86.Build.0 = Debug|Win32
		{3C167C40-1158-4F95-97A0-60331F5F84AF}.Release|x64.ActiveCfg = Release|x64
		{3C167C40-1158-4F95-97A0-60331F5F84AF}.Release|x64.Build.0 = Release|x64
		{3C167C40-1158-4F95-97A0-60331F5F84AF}.Release|x86.ActiveCfg = Release|Win32
		{3C167C40-1158-4F95-97A0-60331F5F84AF}.Release|x86.Build.0 = Release|Win32
	EndGlobalSection
	GlobalSection(SolutionProperties) = preSolution
		HideSolutionNode = FALSE
	EndGlobalSection
	GlobalSection(ExtensibilityGlobals) = postSolution
		SolutionGuid = {1BFA6E31-0128-492E-A4D7-879270D944A3}
	EndGlobalSection
EndGlobal
