
Microsoft Visual Studio Solution File, Format Version 12.00
# Visual Studio 15
VisualStudioVersion = 15.0.28010.2041
MinimumVisualStudioVersion = 10.0.40219.1
Project("{8BC9CEB8-8B4A-11D0-8D11-00A0C91BC942}") = "ICD", "ICD\ICD.vcxproj", "{E3300720-F195-4768-9365-A50ABC7C0490}"
EndProject
Project("{54435603-DBB4-11D2-8724-00A0C9A8B90C}") = "Setup1", "Setup1\Setup1.vdproj", "{7850560A-5903-4404-BD11-63DAAEAC4158}"
EndProject
Global
	GlobalSection(SolutionConfigurationPlatforms) = preSolution
		Debug|Default = Debug|Default
		Debug|x64 = Debug|x64
		Debug|x86 = Debug|x86
		Release|Default = Release|Default
		Release|x64 = Release|x64
		Release|x86 = Release|x86
	EndGlobalSection
	GlobalSection(ProjectConfigurationPlatforms) = postSolution
		{E3300720-F195-4768-9365-A50ABC7C0490}.Debug|Default.ActiveCfg = Debug|Win32
		{E3300720-F195-4768-9365-A50ABC7C0490}.Debug|x64.ActiveCfg = Debug|x64
		{E3300720-F195-4768-9365-A50ABC7C0490}.Debug|x64.Build.0 = Debug|x64
		{E3300720-F195-4768-9365-A50ABC7C0490}.Debug|x86.ActiveCfg = Debug|Win32
		{E3300720-F195-4768-9365-A50ABC7C0490}.Debug|x86.Build.0 = Debug|Win32
		{E3300720-F195-4768-9365-A50ABC7C0490}.Release|Default.ActiveCfg = Release|Win32
		{E3300720-F195-4768-9365-A50ABC7C0490}.Release|x64.ActiveCfg = Release|x64
		{E3300720-F195-4768-9365-A50ABC7C0490}.Release|x64.Build.0 = Release|x64
		{E3300720-F195-4768-9365-A50ABC7C0490}.Release|x86.ActiveCfg = Release|Win32
		{E3300720-F195-4768-9365-A50ABC7C0490}.Release|x86.Build.0 = Release|Win32
		{7850560A-5903-4404-BD11-63DAAEAC4158}.Debug|Default.ActiveCfg = Debug
		{7850560A-5903-4404-BD11-63DAAEAC4158}.Debug|Default.Build.0 = Debug
		{7850560A-5903-4404-BD11-63DAAEAC4158}.Debug|x64.ActiveCfg = Debug
		{7850560A-5903-4404-BD11-63DAAEAC4158}.Debug|x86.ActiveCfg = Debug
		{7850560A-5903-4404-BD11-63DAAEAC4158}.Release|Default.ActiveCfg = Release
		{7850560A-5903-4404-BD11-63DAAEAC4158}.Release|Default.Build.0 = Release
		{7850560A-5903-4404-BD11-63DAAEAC4158}.Release|x64.ActiveCfg = Release
		{7850560A-5903-4404-BD11-63DAAEAC4158}.Release|x86.ActiveCfg = Release
	EndGlobalSection
	GlobalSection(SolutionProperties) = preSolution
		HideSolutionNode = FALSE
	EndGlobalSection
	GlobalSection(ExtensibilityGlobals) = postSolution
		SolutionGuid = {DA4C1759-D5FD-4825-AB84-A383CF3A802E}
	EndGlobalSection
	GlobalSection(SolutionConfigurationPlatforms) = preSolution
		Debug|Default = Debug|Default
		Debug|x64 = Debug|x64
		Release|Default = Release|Default
		Release|x64 = Release|x64
	EndGlobalSection
EndGlobal
